
Microsoft Visual Studio Solution File, Format Version 12.00
# Visual Studio Version 16
VisualStudioVersion = 16.0.31911.196
MinimumVisualStudioVersion = 10.0.40219.1
Project("{FAE04EC0-301F-11D3-BF4B-00C04F79EFBC}") = "Todo.Android", "Todo\Todo.Android\Todo.Android.csproj", "{C032A1D0-0B3E-48A4-8B05-A54849388D2F}"
EndProject
Project("{FAE04EC0-301F-11D3-BF4B-00C04F79EFBC}") = "Todo.iOS", "Todo\Todo.iOS\Todo.iOS.csproj", "{2C6401B8-1048-47C3-BF58-8E3D5FE47142}"
EndProject
Project("{9A19103F-16F7-4668-BE54-9A1E7A4F7556}") = "Todo", "Todo\Todo\Todo.csproj", "{5493D310-2F1C-44B1-AA8A-11DA55498920}"
EndProject
Project("{9A19103F-16F7-4668-BE54-9A1E7A4F7556}") = "Styles", "Styles\Styles.csproj", "{98D30752-F8A0-4877-B0D7-62D1729E12B4}"
EndProject
Project("{9A19103F-16F7-4668-BE54-9A1E7A4F7556}") = "TodoWebAPI", "..\TodoAPI\TodoWebAPI\TodoWebAPI\TodoWebAPI.csproj", "{26DD1BCD-193E-441C-8EB8-87A9BD924724}"
EndProject
Project("{9A19103F-16F7-4668-BE54-9A1E7A4F7556}") = "Todo.Shared", "Todo.Shared\Todo.Shared.csproj", "{924768FD-3DC5-47B5-920B-C63EC934FB83}"
EndProject
Project("{FAE04EC0-301F-11D3-BF4B-00C04F79EFBC}") = "Todo.Blazor", "Todo.Blazor\Todo.Blazor.csproj", "{BC49C047-2A56-4CD2-A3E3-45DB8BBD6537}"
EndProject
Global
	GlobalSection(SolutionConfigurationPlatforms) = preSolution
		Debug|Any CPU = Debug|Any CPU
		Debug|iPhone = Debug|iPhone
		Debug|iPhoneSimulator = Debug|iPhoneSimulator
		Release|Any CPU = Release|Any CPU
		Release|iPhone = Release|iPhone
		Release|iPhoneSimulator = Release|iPhoneSimulator
	EndGlobalSection
	GlobalSection(ProjectConfigurationPlatforms) = postSolution
		{C032A1D0-0B3E-48A4-8B05-A54849388D2F}.Debug|Any CPU.ActiveCfg = Debug|Any CPU
		{C032A1D0-0B3E-48A4-8B05-A54849388D2F}.Debug|Any CPU.Build.0 = Debug|Any CPU
		{C032A1D0-0B3E-48A4-8B05-A54849388D2F}.Debug|Any CPU.Deploy.0 = Debug|Any CPU
		{C032A1D0-0B3E-48A4-8B05-A54849388D2F}.Debug|iPhone.ActiveCfg = Debug|Any CPU
		{C032A1D0-0B3E-48A4-8B05-A54849388D2F}.Debug|iPhone.Build.0 = Debug|Any CPU
		{C032A1D0-0B3E-48A4-8B05-A54849388D2F}.Debug|iPhone.Deploy.0 = Debug|Any CPU
		{C032A1D0-0B3E-48A4-8B05-A54849388D2F}.Debug|iPhoneSimulator.ActiveCfg = Debug|Any CPU
		{C032A1D0-0B3E-48A4-8B05-A54849388D2F}.Debug|iPhoneSimulator.Build.0 = Debug|Any CPU
		{C032A1D0-0B3E-48A4-8B05-A54849388D2F}.Debug|iPhoneSimulator.Deploy.0 = Debug|Any CPU
		{C032A1D0-0B3E-48A4-8B05-A54849388D2F}.Release|Any CPU.ActiveCfg = Release|Any CPU
		{C032A1D0-0B3E-48A4-8B05-A54849388D2F}.Release|Any CPU.Build.0 = Release|Any CPU
		{C032A1D0-0B3E-48A4-8B05-A54849388D2F}.Release|Any CPU.Deploy.0 = Release|Any CPU
		{C032A1D0-0B3E-48A4-8B05-A54849388D2F}.Release|iPhone.ActiveCfg = Release|Any CPU
		{C032A1D0-0B3E-48A4-8B05-A54849388D2F}.Release|iPhone.Build.0 = Release|Any CPU
		{C032A1D0-0B3E-48A4-8B05-A54849388D2F}.Release|iPhone.Deploy.0 = Release|Any CPU
		{C032A1D0-0B3E-48A4-8B05-A54849388D2F}.Release|iPhoneSimulator.ActiveCfg = Release|Any CPU
		{C032A1D0-0B3E-48A4-8B05-A54849388D2F}.Release|iPhoneSimulator.Build.0 = Release|Any CPU
		{C032A1D0-0B3E-48A4-8B05-A54849388D2F}.Release|iPhoneSimulator.Deploy.0 = Release|Any CPU
		{2C6401B8-1048-47C3-BF58-8E3D5FE47142}.Debug|Any CPU.ActiveCfg = Debug|iPhone
		{2C6401B8-1048-47C3-BF58-8E3D5FE47142}.Debug|Any CPU.Build.0 = Debug|iPhone
		{2C6401B8-1048-47C3-BF58-8E3D5FE47142}.Debug|Any CPU.Deploy.0 = Debug|iPhone
		{2C6401B8-1048-47C3-BF58-8E3D5FE47142}.Debug|iPhone.ActiveCfg = Debug|iPhone
		{2C6401B8-1048-47C3-BF58-8E3D5FE47142}.Debug|iPhone.Build.0 = Debug|iPhone
		{2C6401B8-1048-47C3-BF58-8E3D5FE47142}.Debug|iPhone.Deploy.0 = Debug|iPhone
		{2C6401B8-1048-47C3-BF58-8E3D5FE47142}.Debug|iPhoneSimulator.ActiveCfg = Debug|iPhoneSimulator
		{2C6401B8-1048-47C3-BF58-8E3D5FE47142}.Debug|iPhoneSimulator.Build.0 = Debug|iPhoneSimulator
		{2C6401B8-1048-47C3-BF58-8E3D5FE47142}.Debug|iPhoneSimulator.Deploy.0 = Debug|iPhoneSimulator
		{2C6401B8-1048-47C3-BF58-8E3D5FE47142}.Release|Any CPU.ActiveCfg = Release|iPhoneSimulator
		{2C6401B8-1048-47C3-BF58-8E3D5FE47142}.Release|Any CPU.Build.0 = Release|iPhoneSimulator
		{2C6401B8-1048-47C3-BF58-8E3D5FE47142}.Release|Any CPU.Deploy.0 = Release|iPhoneSimulator
		{2C6401B8-1048-47C3-BF58-8E3D5FE47142}.Release|iPhone.ActiveCfg = Release|iPhone
		{2C6401B8-1048-47C3-BF58-8E3D5FE47142}.Release|iPhone.Build.0 = Release|iPhone
		{2C6401B8-1048-47C3-BF58-8E3D5FE47142}.Release|iPhone.Deploy.0 = Release|iPhone
		{2C6401B8-1048-47C3-BF58-8E3D5FE47142}.Release|iPhoneSimulator.ActiveCfg = Release|iPhoneSimulator
		{2C6401B8-1048-47C3-BF58-8E3D5FE47142}.Release|iPhoneSimulator.Build.0 = Release|iPhoneSimulator
		{2C6401B8-1048-47C3-BF58-8E3D5FE47142}.Release|iPhoneSimulator.Deploy.0 = Release|iPhoneSimulator
		{5493D310-2F1C-44B1-AA8A-11DA55498920}.Debug|Any CPU.ActiveCfg = Debug|Any CPU
		{5493D310-2F1C-44B1-AA8A-11DA55498920}.Debug|Any CPU.Build.0 = Debug|Any CPU
		{5493D310-2F1C-44B1-AA8A-11DA55498920}.Debug|Any CPU.Deploy.0 = Debug|Any CPU
		{5493D310-2F1C-44B1-AA8A-11DA55498920}.Debug|iPhone.ActiveCfg = Debug|Any CPU
		{5493D310-2F1C-44B1-AA8A-11DA55498920}.Debug|iPhone.Build.0 = Debug|Any CPU
		{5493D310-2F1C-44B1-AA8A-11DA55498920}.Debug|iPhone.Deploy.0 = Debug|Any CPU
		{5493D310-2F1C-44B1-AA8A-11DA55498920}.Debug|iPhoneSimulator.ActiveCfg = Debug|Any CPU
		{5493D310-2F1C-44B1-AA8A-11DA55498920}.Debug|iPhoneSimulator.Build.0 = Debug|Any CPU
		{5493D310-2F1C-44B1-AA8A-11DA55498920}.Debug|iPhoneSimulator.Deploy.0 = Debug|Any CPU
		{5493D310-2F1C-44B1-AA8A-11DA55498920}.Release|Any CPU.ActiveCfg = Release|Any CPU
		{5493D310-2F1C-44B1-AA8A-11DA55498920}.Release|Any CPU.Build.0 = Release|Any CPU
		{5493D310-2F1C-44B1-AA8A-11DA55498920}.Release|Any CPU.Deploy.0 = Release|Any CPU
		{5493D310-2F1C-44B1-AA8A-11DA55498920}.Release|iPhone.ActiveCfg = Release|Any CPU
		{5493D310-2F1C-44B1-AA8A-11DA55498920}.Release|iPhone.Build.0 = Release|Any CPU
		{5493D310-2F1C-44B1-AA8A-11DA55498920}.Release|iPhone.Deploy.0 = Release|Any CPU
		{5493D310-2F1C-44B1-AA8A-11DA55498920}.Release|iPhoneSimulator.ActiveCfg = Release|Any CPU
		{5493D310-2F1C-44B1-AA8A-11DA55498920}.Release|iPhoneSimulator.Build.0 = Release|Any CPU
		{5493D310-2F1C-44B1-AA8A-11DA55498920}.Release|iPhoneSimulator.Deploy.0 = Release|Any CPU
		{98D30752-F8A0-4877-B0D7-62D1729E12B4}.Debug|Any CPU.ActiveCfg = Debug|Any CPU
		{98D30752-F8A0-4877-B0D7-62D1729E12B4}.Debug|Any CPU.Build.0 = Debug|Any CPU
		{98D30752-F8A0-4877-B0D7-62D1729E12B4}.Debug|iPhone.ActiveCfg = Debug|Any CPU
		{98D30752-F8A0-4877-B0D7-62D1729E12B4}.Debug|iPhone.Build.0 = Debug|Any CPU
		{98D30752-F8A0-4877-B0D7-62D1729E12B4}.Debug|iPhoneSimulator.ActiveCfg = Debug|Any CPU
		{98D30752-F8A0-4877-B0D7-62D1729E12B4}.Debug|iPhoneSimulator.Build.0 = Debug|Any CPU
		{98D30752-F8A0-4877-B0D7-62D1729E12B4}.Release|Any CPU.ActiveCfg = Release|Any CPU
		{98D30752-F8A0-4877-B0D7-62D1729E12B4}.Release|Any CPU.Build.0 = Release|Any CPU
		{98D30752-F8A0-4877-B0D7-62D1729E12B4}.Release|iPhone.ActiveCfg = Release|Any CPU
		{98D30752-F8A0-4877-B0D7-62D1729E12B4}.Release|iPhone.Build.0 = Release|Any CPU
		{98D30752-F8A0-4877-B0D7-62D1729E12B4}.Release|iPhoneSimulator.ActiveCfg = Release|Any CPU
		{98D30752-F8A0-4877-B0D7-62D1729E12B4}.Release|iPhoneSimulator.Build.0 = Release|Any CPU
		{26DD1BCD-193E-441C-8EB8-87A9BD924724}.Debug|Any CPU.ActiveCfg = Debug|Any CPU
		{26DD1BCD-193E-441C-8EB8-87A9BD924724}.Debug|Any CPU.Build.0 = Debug|Any CPU
		{26DD1BCD-193E-441C-8EB8-87A9BD924724}.Debug|iPhone.ActiveCfg = Debug|Any CPU
		{26DD1BCD-193E-441C-8EB8-87A9BD924724}.Debug|iPhone.Build.0 = Debug|Any CPU
		{26DD1BCD-193E-441C-8EB8-87A9BD924724}.Debug|iPhoneSimulator.ActiveCfg = Debug|Any CPU
		{26DD1BCD-193E-441C-8EB8-87A9BD924724}.Debug|iPhoneSimulator.Build.0 = Debug|Any CPU
		{26DD1BCD-193E-441C-8EB8-87A9BD924724}.Release|Any CPU.ActiveCfg = Release|Any CPU
		{26DD1BCD-193E-441C-8EB8-87A9BD924724}.Release|Any CPU.Build.0 = Release|Any CPU
		{26DD1BCD-193E-441C-8EB8-87A9BD924724}.Release|iPhone.ActiveCfg = Release|Any CPU
		{26DD1BCD-193E-441C-8EB8-87A9BD924724}.Release|iPhone.Build.0 = Release|Any CPU
		{26DD1BCD-193E-441C-8EB8-87A9BD924724}.Release|iPhoneSimulator.ActiveCfg = Release|Any CPU
		{26DD1BCD-193E-441C-8EB8-87A9BD924724}.Release|iPhoneSimulator.Build.0 = Release|Any CPU
		{924768FD-3DC5-47B5-920B-C63EC934FB83}.Debug|Any CPU.ActiveCfg = Debug|Any CPU
		{924768FD-3DC5-47B5-920B-C63EC934FB83}.Debug|Any CPU.Build.0 = Debug|Any CPU
		{924768FD-3DC5-47B5-920B-C63EC934FB83}.Debug|iPhone.ActiveCfg = Debug|Any CPU
		{924768FD-3DC5-47B5-920B-C63EC934FB83}.Debug|iPhone.Build.0 = Debug|Any CPU
		{924768FD-3DC5-47B5-920B-C63EC934FB83}.Debug|iPhoneSimulator.ActiveCfg = Debug|Any CPU
		{924768FD-3DC5-47B5-920B-C63EC934FB83}.Debug|iPhoneSimulator.Build.0 = Debug|Any CPU
		{924768FD-3DC5-47B5-920B-C63EC934FB83}.Release|Any CPU.ActiveCfg = Release|Any CPU
		{924768FD-3DC5-47B5-920B-C63EC934FB83}.Release|Any CPU.Build.0 = Release|Any CPU
		{924768FD-3DC5-47B5-920B-C63EC934FB83}.Release|iPhone.ActiveCfg = Release|Any CPU
		{924768FD-3DC5-47B5-920B-C63EC934FB83}.Release|iPhone.Build.0 = Release|Any CPU
		{924768FD-3DC5-47B5-920B-C63EC934FB83}.Release|iPhoneSimulator.ActiveCfg = Release|Any CPU
		{924768FD-3DC5-47B5-920B-C63EC934FB83}.Release|iPhoneSimulator.Build.0 = Release|Any CPU
		{BC49C047-2A56-4CD2-A3E3-45DB8BBD6537}.Debug|Any CPU.ActiveCfg = Debug|Any CPU
		{BC49C047-2A56-4CD2-A3E3-45DB8BBD6537}.Debug|Any CPU.Build.0 = Debug|Any CPU
		{BC49C047-2A56-4CD2-A3E3-45DB8BBD6537}.Debug|iPhone.ActiveCfg = Debug|Any CPU
		{BC49C047-2A56-4CD2-A3E3-45DB8BBD6537}.Debug|iPhone.Build.0 = Debug|Any CPU
		{BC49C047-2A56-4CD2-A3E3-45DB8BBD6537}.Debug|iPhoneSimulator.ActiveCfg = Debug|Any CPU
		{BC49C047-2A56-4CD2-A3E3-45DB8BBD6537}.Debug|iPhoneSimulator.Build.0 = Debug|Any CPU
		{BC49C047-2A56-4CD2-A3E3-45DB8BBD6537}.Release|Any CPU.ActiveCfg = Release|Any CPU
		{BC49C047-2A56-4CD2-A3E3-45DB8BBD6537}.Release|Any CPU.Build.0 = Release|Any CPU
		{BC49C047-2A56-4CD2-A3E3-45DB8BBD6537}.Release|iPhone.ActiveCfg = Release|Any CPU
		{BC49C047-2A56-4CD2-A3E3-45DB8BBD6537}.Release|iPhone.Build.0 = Release|Any CPU
		{BC49C047-2A56-4CD2-A3E3-45DB8BBD6537}.Release|iPhoneSimulator.ActiveCfg = Release|Any CPU
		{BC49C047-2A56-4CD2-A3E3-45DB8BBD6537}.Release|iPhoneSimulator.Build.0 = Release|Any CPU
	EndGlobalSection
	GlobalSection(SolutionProperties) = preSolution
		HideSolutionNode = FALSE
	EndGlobalSection
	GlobalSection(ExtensibilityGlobals) = postSolution
		SolutionGuid = {4E681017-7749-4359-9C8F-38931DF68E02}
	EndGlobalSection
EndGlobal
